
Microsoft Visual Studio Solution File, Format Version 12.00
# Visual Studio 15
VisualStudioVersion = 15.0.27130.2027
MinimumVisualStudioVersion = 10.0.40219.1
Project("{FAE04EC0-301F-11D3-BF4B-00C04F79EFBC}") = "Lab01", "Lab01\Lab01.csproj", "{78CC9414-02A7-408D-95BD-C570E387DEA0}"
EndProject
Global
	GlobalSection(SolutionConfigurationPlatforms) = preSolution
		Debug|Any CPU = Debug|Any CPU
		Release|Any CPU = Release|Any CPU
	EndGlobalSection
	GlobalSection(ProjectConfigurationPlatforms) = postSolution
		{78CC9414-02A7-408D-95BD-C570E387DEA0}.Debug|Any CPU.ActiveCfg = Debug|Any CPU
		{78CC9414-02A7-408D-95BD-C570E387DEA0}.Debug|Any CPU.Build.0 = Debug|Any CPU
		{78CC9414-02A7-408D-95BD-C570E387DEA0}.Release|Any CPU.ActiveCfg = Release|Any CPU
		{78CC9414-02A7-408D-95BD-C570E387DEA0}.Release|Any CPU.Build.0 = Release|Any CPU
	EndGlobalSection
	GlobalSection(SolutionProperties) = preSolution
		HideSolutionNode = FALSE
	EndGlobalSection
	GlobalSection(ExtensibilityGlobals) = postSolution
		SolutionGuid = {E06D68BE-0550-42F6-A53B-328E886F5F04}
	EndGlobalSection
EndGlobal
